// !$*UTF8*$!
{
	archiveVersion = 1;
	classes = {
	};
	objectVersion = 51;
	objects = {

/* Begin PBXBuildFile section */
		178810138D5825F4A62DE290 /* Pods_Pakunki.framework in Frameworks */ = {isa = PBXBuildFile; fileRef = C849A7769B3BF028BD8B942C /* Pods_Pakunki.framework */; };
		95312C302631BB8C00B453F8 /* AppDelegate.swift in Sources */ = {isa = PBXBuildFile; fileRef = 95312C2F2631BB8C00B453F8 /* AppDelegate.swift */; };
		95312C322631BB8C00B453F8 /* SceneDelegate.swift in Sources */ = {isa = PBXBuildFile; fileRef = 95312C312631BB8C00B453F8 /* SceneDelegate.swift */; };
		95312C372631BB8C00B453F8 /* Main.storyboard in Resources */ = {isa = PBXBuildFile; fileRef = 95312C352631BB8C00B453F8 /* Main.storyboard */; };
		95312C392631BB9000B453F8 /* Assets.xcassets in Resources */ = {isa = PBXBuildFile; fileRef = 95312C382631BB9000B453F8 /* Assets.xcassets */; };
		95312C3C2631BB9000B453F8 /* LaunchScreen.storyboard in Resources */ = {isa = PBXBuildFile; fileRef = 95312C3A2631BB9000B453F8 /* LaunchScreen.storyboard */; };
		95312C522631DC6200B453F8 /* Roboto-Italic.ttf in Resources */ = {isa = PBXBuildFile; fileRef = 95312C452631DC6100B453F8 /* Roboto-Italic.ttf */; };
		95312C532631DC6200B453F8 /* LICENSE.txt in Resources */ = {isa = PBXBuildFile; fileRef = 95312C462631DC6100B453F8 /* LICENSE.txt */; };
		95312C542631DC6200B453F8 /* Roboto-Light.ttf in Resources */ = {isa = PBXBuildFile; fileRef = 95312C472631DC6100B453F8 /* Roboto-Light.ttf */; };
		95312C552631DC6200B453F8 /* Roboto-LightItalic.ttf in Resources */ = {isa = PBXBuildFile; fileRef = 95312C482631DC6100B453F8 /* Roboto-LightItalic.ttf */; };
		95312C562631DC6200B453F8 /* Roboto-BoldItalic.ttf in Resources */ = {isa = PBXBuildFile; fileRef = 95312C492631DC6100B453F8 /* Roboto-BoldItalic.ttf */; };
		95312C572631DC6200B453F8 /* Roboto-Black.ttf in Resources */ = {isa = PBXBuildFile; fileRef = 95312C4A2631DC6100B453F8 /* Roboto-Black.ttf */; };
		95312C582631DC6200B453F8 /* Roboto-MediumItalic.ttf in Resources */ = {isa = PBXBuildFile; fileRef = 95312C4B2631DC6100B453F8 /* Roboto-MediumItalic.ttf */; };
		95312C592631DC6200B453F8 /* Roboto-Thin.ttf in Resources */ = {isa = PBXBuildFile; fileRef = 95312C4C2631DC6200B453F8 /* Roboto-Thin.ttf */; };
		95312C5A2631DC6200B453F8 /* Roboto-BlackItalic.ttf in Resources */ = {isa = PBXBuildFile; fileRef = 95312C4D2631DC6200B453F8 /* Roboto-BlackItalic.ttf */; };
		95312C5B2631DC6200B453F8 /* Roboto-ThinItalic.ttf in Resources */ = {isa = PBXBuildFile; fileRef = 95312C4E2631DC6200B453F8 /* Roboto-ThinItalic.ttf */; };
		95312C5C2631DC6200B453F8 /* Roboto-Bold.ttf in Resources */ = {isa = PBXBuildFile; fileRef = 95312C4F2631DC6200B453F8 /* Roboto-Bold.ttf */; };
		95312C5D2631DC6200B453F8 /* Roboto-Medium.ttf in Resources */ = {isa = PBXBuildFile; fileRef = 95312C502631DC6200B453F8 /* Roboto-Medium.ttf */; };
		95312C5E2631DC6200B453F8 /* Roboto-Regular.ttf in Resources */ = {isa = PBXBuildFile; fileRef = 95312C512631DC6200B453F8 /* Roboto-Regular.ttf */; };
		95312C622631E6F600B453F8 /* LoginViewController.swift in Sources */ = {isa = PBXBuildFile; fileRef = 95312C612631E6F600B453F8 /* LoginViewController.swift */; };
		954012742632B03F002FDD8A /* CodeController.swift in Sources */ = {isa = PBXBuildFile; fileRef = 954012732632B03F002FDD8A /* CodeController.swift */; };
		954012772632B916002FDD8A /* PackagesController.swift in Sources */ = {isa = PBXBuildFile; fileRef = 954012762632B916002FDD8A /* PackagesController.swift */; };
		9554485426345E29008813E5 /* GoogleService-Info.plist in Resources */ = {isa = PBXBuildFile; fileRef = 9554485326345E29008813E5 /* GoogleService-Info.plist */; };
		95593A952632FFDC004DD744 /* OrderController.swift in Sources */ = {isa = PBXBuildFile; fileRef = 95593A942632FFDC004DD744 /* OrderController.swift */; };
		95593A9F26342D50004DD744 /* OrderCell.swift in Sources */ = {isa = PBXBuildFile; fileRef = 95593A9E26342D50004DD744 /* OrderCell.swift */; };
		95A679F826356B0A00BD5071 /* ShippingOrderCell.swift in Sources */ = {isa = PBXBuildFile; fileRef = 95A679F726356B0A00BD5071 /* ShippingOrderCell.swift */; };
		95A679FB26356B5B00BD5071 /* TwoAreasCell.swift in Sources */ = {isa = PBXBuildFile; fileRef = 95A679FA26356B5B00BD5071 /* TwoAreasCell.swift */; };
		95A679FE26356B6D00BD5071 /* OneAreaCell.swift in Sources */ = {isa = PBXBuildFile; fileRef = 95A679FD26356B6D00BD5071 /* OneAreaCell.swift */; };
/* End PBXBuildFile section */

/* Begin PBXFileReference section */
		63656BC89FF00294C2D05117 /* Pods-Pakunki.release.xcconfig */ = {isa = PBXFileReference; includeInIndex = 1; lastKnownFileType = text.xcconfig; name = "Pods-Pakunki.release.xcconfig"; path = "Target Support Files/Pods-Pakunki/Pods-Pakunki.release.xcconfig"; sourceTree = "<group>"; };
		95312C2C2631BB8C00B453F8 /* Pakunki.app */ = {isa = PBXFileReference; explicitFileType = wrapper.application; includeInIndex = 0; path = Pakunki.app; sourceTree = BUILT_PRODUCTS_DIR; };
		95312C2F2631BB8C00B453F8 /* AppDelegate.swift */ = {isa = PBXFileReference; lastKnownFileType = sourcecode.swift; path = AppDelegate.swift; sourceTree = "<group>"; };
		95312C312631BB8C00B453F8 /* SceneDelegate.swift */ = {isa = PBXFileReference; lastKnownFileType = sourcecode.swift; path = SceneDelegate.swift; sourceTree = "<group>"; };
		95312C362631BB8C00B453F8 /* Base */ = {isa = PBXFileReference; lastKnownFileType = file.storyboard; name = Base; path = Base.lproj/Main.storyboard; sourceTree = "<group>"; };
		95312C382631BB9000B453F8 /* Assets.xcassets */ = {isa = PBXFileReference; lastKnownFileType = folder.assetcatalog; path = Assets.xcassets; sourceTree = "<group>"; };
		95312C3B2631BB9000B453F8 /* Base */ = {isa = PBXFileReference; lastKnownFileType = file.storyboard; name = Base; path = Base.lproj/LaunchScreen.storyboard; sourceTree = "<group>"; };
		95312C3D2631BB9000B453F8 /* Info.plist */ = {isa = PBXFileReference; lastKnownFileType = text.plist.xml; path = Info.plist; sourceTree = "<group>"; };
		95312C452631DC6100B453F8 /* Roboto-Italic.ttf */ = {isa = PBXFileReference; lastKnownFileType = file; path = "Roboto-Italic.ttf"; sourceTree = "<group>"; };
		95312C462631DC6100B453F8 /* LICENSE.txt */ = {isa = PBXFileReference; fileEncoding = 4; lastKnownFileType = text; path = LICENSE.txt; sourceTree = "<group>"; };
		95312C472631DC6100B453F8 /* Roboto-Light.ttf */ = {isa = PBXFileReference; lastKnownFileType = file; path = "Roboto-Light.ttf"; sourceTree = "<group>"; };
		95312C482631DC6100B453F8 /* Roboto-LightItalic.ttf */ = {isa = PBXFileReference; lastKnownFileType = file; path = "Roboto-LightItalic.ttf"; sourceTree = "<group>"; };
		95312C492631DC6100B453F8 /* Roboto-BoldItalic.ttf */ = {isa = PBXFileReference; lastKnownFileType = file; path = "Roboto-BoldItalic.ttf"; sourceTree = "<group>"; };
		95312C4A2631DC6100B453F8 /* Roboto-Black.ttf */ = {isa = PBXFileReference; lastKnownFileType = file; path = "Roboto-Black.ttf"; sourceTree = "<group>"; };
		95312C4B2631DC6100B453F8 /* Roboto-MediumItalic.ttf */ = {isa = PBXFileReference; lastKnownFileType = file; path = "Roboto-MediumItalic.ttf"; sourceTree = "<group>"; };
		95312C4C2631DC6200B453F8 /* Roboto-Thin.ttf */ = {isa = PBXFileReference; lastKnownFileType = file; path = "Roboto-Thin.ttf"; sourceTree = "<group>"; };
		95312C4D2631DC6200B453F8 /* Roboto-BlackItalic.ttf */ = {isa = PBXFileReference; lastKnownFileType = file; path = "Roboto-BlackItalic.ttf"; sourceTree = "<group>"; };
		95312C4E2631DC6200B453F8 /* Roboto-ThinItalic.ttf */ = {isa = PBXFileReference; lastKnownFileType = file; path = "Roboto-ThinItalic.ttf"; sourceTree = "<group>"; };
		95312C4F2631DC6200B453F8 /* Roboto-Bold.ttf */ = {isa = PBXFileReference; lastKnownFileType = file; path = "Roboto-Bold.ttf"; sourceTree = "<group>"; };
		95312C502631DC6200B453F8 /* Roboto-Medium.ttf */ = {isa = PBXFileReference; lastKnownFileType = file; path = "Roboto-Medium.ttf"; sourceTree = "<group>"; };
		95312C512631DC6200B453F8 /* Roboto-Regular.ttf */ = {isa = PBXFileReference; lastKnownFileType = file; path = "Roboto-Regular.ttf"; sourceTree = "<group>"; };
		95312C612631E6F600B453F8 /* LoginViewController.swift */ = {isa = PBXFileReference; lastKnownFileType = sourcecode.swift; path = LoginViewController.swift; sourceTree = "<group>"; };
		954012732632B03F002FDD8A /* CodeController.swift */ = {isa = PBXFileReference; lastKnownFileType = sourcecode.swift; path = CodeController.swift; sourceTree = "<group>"; };
		954012762632B916002FDD8A /* PackagesController.swift */ = {isa = PBXFileReference; lastKnownFileType = sourcecode.swift; path = PackagesController.swift; sourceTree = "<group>"; };
		9554485326345E29008813E5 /* GoogleService-Info.plist */ = {isa = PBXFileReference; fileEncoding = 4; lastKnownFileType = text.plist.xml; path = "GoogleService-Info.plist"; sourceTree = "<group>"; };
		95593A942632FFDC004DD744 /* OrderController.swift */ = {isa = PBXFileReference; lastKnownFileType = sourcecode.swift; path = OrderController.swift; sourceTree = "<group>"; };
		95593A9E26342D50004DD744 /* OrderCell.swift */ = {isa = PBXFileReference; lastKnownFileType = sourcecode.swift; path = OrderCell.swift; sourceTree = "<group>"; };
		95A679F726356B0A00BD5071 /* ShippingOrderCell.swift */ = {isa = PBXFileReference; lastKnownFileType = sourcecode.swift; path = ShippingOrderCell.swift; sourceTree = "<group>"; };
		95A679FA26356B5B00BD5071 /* TwoAreasCell.swift */ = {isa = PBXFileReference; lastKnownFileType = sourcecode.swift; path = TwoAreasCell.swift; sourceTree = "<group>"; };
		95A679FD26356B6D00BD5071 /* OneAreaCell.swift */ = {isa = PBXFileReference; lastKnownFileType = sourcecode.swift; path = OneAreaCell.swift; sourceTree = "<group>"; };
		A98A6BA61566D26C7ACB470F /* Pods-Pakunki.debug.xcconfig */ = {isa = PBXFileReference; includeInIndex = 1; lastKnownFileType = text.xcconfig; name = "Pods-Pakunki.debug.xcconfig"; path = "Target Support Files/Pods-Pakunki/Pods-Pakunki.debug.xcconfig"; sourceTree = "<group>"; };
		C849A7769B3BF028BD8B942C /* Pods_Pakunki.framework */ = {isa = PBXFileReference; explicitFileType = wrapper.framework; includeInIndex = 0; path = Pods_Pakunki.framework; sourceTree = BUILT_PRODUCTS_DIR; };
/* End PBXFileReference section */

/* Begin PBXFrameworksBuildPhase section */
		95312C292631BB8C00B453F8 /* Frameworks */ = {
			isa = PBXFrameworksBuildPhase;
			buildActionMask = 2147483647;
			files = (
				178810138D5825F4A62DE290 /* Pods_Pakunki.framework in Frameworks */,
			);
			runOnlyForDeploymentPostprocessing = 0;
		};
/* End PBXFrameworksBuildPhase section */

/* Begin PBXGroup section */
		30CF1608FD1F2293F56EDD75 /* Pods */ = {
			isa = PBXGroup;
			children = (
				A98A6BA61566D26C7ACB470F /* Pods-Pakunki.debug.xcconfig */,
				63656BC89FF00294C2D05117 /* Pods-Pakunki.release.xcconfig */,
			);
			path = Pods;
			sourceTree = "<group>";
		};
		95312C232631BB8C00B453F8 = {
			isa = PBXGroup;
			children = (
				95312C2E2631BB8C00B453F8 /* Pakunki */,
				95312C2D2631BB8C00B453F8 /* Products */,
				30CF1608FD1F2293F56EDD75 /* Pods */,
				A7788C3D990E45D09421AB24 /* Frameworks */,
			);
			sourceTree = "<group>";
		};
		95312C2D2631BB8C00B453F8 /* Products */ = {
			isa = PBXGroup;
			children = (
				95312C2C2631BB8C00B453F8 /* Pakunki.app */,
			);
			name = Products;
			sourceTree = "<group>";
		};
		95312C2E2631BB8C00B453F8 /* Pakunki */ = {
			isa = PBXGroup;
			children = (
				95593A9D26342CF8004DD744 /* ViewControllers */,
				95312C442631DC3300B453F8 /* Roboto */,
				95312C2F2631BB8C00B453F8 /* AppDelegate.swift */,
				95312C312631BB8C00B453F8 /* SceneDelegate.swift */,
				95312C352631BB8C00B453F8 /* Main.storyboard */,
				95312C382631BB9000B453F8 /* Assets.xcassets */,
				95312C3A2631BB9000B453F8 /* LaunchScreen.storyboard */,
				95312C3D2631BB9000B453F8 /* Info.plist */,
				9554485326345E29008813E5 /* GoogleService-Info.plist */,
			);
			path = Pakunki;
			sourceTree = "<group>";
		};
		95312C442631DC3300B453F8 /* Roboto */ = {
			isa = PBXGroup;
			children = (
				95312C462631DC6100B453F8 /* LICENSE.txt */,
				95312C4A2631DC6100B453F8 /* Roboto-Black.ttf */,
				95312C4D2631DC6200B453F8 /* Roboto-BlackItalic.ttf */,
				95312C4F2631DC6200B453F8 /* Roboto-Bold.ttf */,
				95312C492631DC6100B453F8 /* Roboto-BoldItalic.ttf */,
				95312C452631DC6100B453F8 /* Roboto-Italic.ttf */,
				95312C472631DC6100B453F8 /* Roboto-Light.ttf */,
				95312C482631DC6100B453F8 /* Roboto-LightItalic.ttf */,
				95312C502631DC6200B453F8 /* Roboto-Medium.ttf */,
				95312C4B2631DC6100B453F8 /* Roboto-MediumItalic.ttf */,
				95312C512631DC6200B453F8 /* Roboto-Regular.ttf */,
				95312C4C2631DC6200B453F8 /* Roboto-Thin.ttf */,
				95312C4E2631DC6200B453F8 /* Roboto-ThinItalic.ttf */,
			);
			path = Roboto;
			sourceTree = "<group>";
		};
		95593A9D26342CF8004DD744 /* ViewControllers */ = {
			isa = PBXGroup;
			children = (
				95ABBCB226357A4C00A82EC5 /* Cells */,
				95312C612631E6F600B453F8 /* LoginViewController.swift */,
				954012732632B03F002FDD8A /* CodeController.swift */,
				954012762632B916002FDD8A /* PackagesController.swift */,
				95593A942632FFDC004DD744 /* OrderController.swift */,
			);
			path = ViewControllers;
			sourceTree = "<group>";
		};
		95ABBCB226357A4C00A82EC5 /* Cells */ = {
			isa = PBXGroup;
			children = (
				95593A9E26342D50004DD744 /* OrderCell.swift */,
				95A679F726356B0A00BD5071 /* ShippingOrderCell.swift */,
				95A679FA26356B5B00BD5071 /* TwoAreasCell.swift */,
				95A679FD26356B6D00BD5071 /* OneAreaCell.swift */,
			);
			path = Cells;
			sourceTree = "<group>";
		};
		A7788C3D990E45D09421AB24 /* Frameworks */ = {
			isa = PBXGroup;
			children = (
				C849A7769B3BF028BD8B942C /* Pods_Pakunki.framework */,
			);
			name = Frameworks;
			sourceTree = "<group>";
		};
/* End PBXGroup section */

/* Begin PBXNativeTarget section */
		95312C2B2631BB8C00B453F8 /* Pakunki */ = {
			isa = PBXNativeTarget;
			buildConfigurationList = 95312C402631BB9000B453F8 /* Build configuration list for PBXNativeTarget "Pakunki" */;
			buildPhases = (
				8B1520781E3BEFE406D98F76 /* [CP] Check Pods Manifest.lock */,
				95312C282631BB8C00B453F8 /* Sources */,
				95312C292631BB8C00B453F8 /* Frameworks */,
				95312C2A2631BB8C00B453F8 /* Resources */,
				FF23C7D0B2B5B420B504C925 /* [CP] Embed Pods Frameworks */,
			);
			buildRules = (
			);
			dependencies = (
			);
			name = Pakunki;
			productName = Pakunki;
			productReference = 95312C2C2631BB8C00B453F8 /* Pakunki.app */;
			productType = "com.apple.product-type.application";
		};
/* End PBXNativeTarget section */

/* Begin PBXProject section */
		95312C242631BB8C00B453F8 /* Project object */ = {
			isa = PBXProject;
			attributes = {
				LastSwiftUpdateCheck = 1240;
				LastUpgradeCheck = 1240;
				TargetAttributes = {
					95312C2B2631BB8C00B453F8 = {
						CreatedOnToolsVersion = 12.4;
					};
				};
			};
			buildConfigurationList = 95312C272631BB8C00B453F8 /* Build configuration list for PBXProject "Pakunki" */;
			compatibilityVersion = "Xcode 9.3";
			developmentRegion = en;
			hasScannedForEncodings = 0;
			knownRegions = (
				en,
				Base,
			);
			mainGroup = 95312C232631BB8C00B453F8;
			productRefGroup = 95312C2D2631BB8C00B453F8 /* Products */;
			projectDirPath = "";
			projectRoot = "";
			targets = (
				95312C2B2631BB8C00B453F8 /* Pakunki */,
			);
		};
/* End PBXProject section */

/* Begin PBXResourcesBuildPhase section */
		95312C2A2631BB8C00B453F8 /* Resources */ = {
			isa = PBXResourcesBuildPhase;
			buildActionMask = 2147483647;
			files = (
				95312C5C2631DC6200B453F8 /* Roboto-Bold.ttf in Resources */,
				95312C3C2631BB9000B453F8 /* LaunchScreen.storyboard in Resources */,
				95312C5E2631DC6200B453F8 /* Roboto-Regular.ttf in Resources */,
				95312C522631DC6200B453F8 /* Roboto-Italic.ttf in Resources */,
				95312C562631DC6200B453F8 /* Roboto-BoldItalic.ttf in Resources */,
				95312C552631DC6200B453F8 /* Roboto-LightItalic.ttf in Resources */,
				95312C5D2631DC6200B453F8 /* Roboto-Medium.ttf in Resources */,
				95312C592631DC6200B453F8 /* Roboto-Thin.ttf in Resources */,
				95312C542631DC6200B453F8 /* Roboto-Light.ttf in Resources */,
				95312C572631DC6200B453F8 /* Roboto-Black.ttf in Resources */,
				95312C5A2631DC6200B453F8 /* Roboto-BlackItalic.ttf in Resources */,
				95312C582631DC6200B453F8 /* Roboto-MediumItalic.ttf in Resources */,
				9554485426345E29008813E5 /* GoogleService-Info.plist in Resources */,
				95312C392631BB9000B453F8 /* Assets.xcassets in Resources */,
				95312C532631DC6200B453F8 /* LICENSE.txt in Resources */,
				95312C372631BB8C00B453F8 /* Main.storyboard in Resources */,
				95312C5B2631DC6200B453F8 /* Roboto-ThinItalic.ttf in Resources */,
			);
			runOnlyForDeploymentPostprocessing = 0;
		};
/* End PBXResourcesBuildPhase section */

/* Begin PBXShellScriptBuildPhase section */
		8B1520781E3BEFE406D98F76 /* [CP] Check Pods Manifest.lock */ = {
			isa = PBXShellScriptBuildPhase;
			buildActionMask = 2147483647;
			files = (
			);
			inputFileListPaths = (
			);
			inputPaths = (
				"${PODS_PODFILE_DIR_PATH}/Podfile.lock",
				"${PODS_ROOT}/Manifest.lock",
			);
			name = "[CP] Check Pods Manifest.lock";
			outputFileListPaths = (
			);
			outputPaths = (
				"$(DERIVED_FILE_DIR)/Pods-Pakunki-checkManifestLockResult.txt",
			);
			runOnlyForDeploymentPostprocessing = 0;
			shellPath = /bin/sh;
			shellScript = "diff \"${PODS_PODFILE_DIR_PATH}/Podfile.lock\" \"${PODS_ROOT}/Manifest.lock\" > /dev/null\nif [ $? != 0 ] ; then\n    # print error to STDERR\n    echo \"error: The sandbox is not in sync with the Podfile.lock. Run 'pod install' or update your CocoaPods installation.\" >&2\n    exit 1\nfi\n# This output is used by Xcode 'outputs' to avoid re-running this script phase.\necho \"SUCCESS\" > \"${SCRIPT_OUTPUT_FILE_0}\"\n";
			showEnvVarsInLog = 0;
		};
		FF23C7D0B2B5B420B504C925 /* [CP] Embed Pods Frameworks */ = {
			isa = PBXShellScriptBuildPhase;
			buildActionMask = 2147483647;
			files = (
			);
			inputFileListPaths = (
				"${PODS_ROOT}/Target Support Files/Pods-Pakunki/Pods-Pakunki-frameworks-${CONFIGURATION}-input-files.xcfilelist",
			);
			name = "[CP] Embed Pods Frameworks";
			outputFileListPaths = (
				"${PODS_ROOT}/Target Support Files/Pods-Pakunki/Pods-Pakunki-frameworks-${CONFIGURATION}-output-files.xcfilelist",
			);
			runOnlyForDeploymentPostprocessing = 0;
			shellPath = /bin/sh;
			shellScript = "\"${PODS_ROOT}/Target Support Files/Pods-Pakunki/Pods-Pakunki-frameworks.sh\"\n";
			showEnvVarsInLog = 0;
		};
/* End PBXShellScriptBuildPhase section */

/* Begin PBXSourcesBuildPhase section */
		95312C282631BB8C00B453F8 /* Sources */ = {
			isa = PBXSourcesBuildPhase;
			buildActionMask = 2147483647;
			files = (
				95A679F826356B0A00BD5071 /* ShippingOrderCell.swift in Sources */,
				95593A952632FFDC004DD744 /* OrderController.swift in Sources */,
				954012772632B916002FDD8A /* PackagesController.swift in Sources */,
				95593A9F26342D50004DD744 /* OrderCell.swift in Sources */,
				95312C622631E6F600B453F8 /* LoginViewController.swift in Sources */,
				95312C302631BB8C00B453F8 /* AppDelegate.swift in Sources */,
				95A679FB26356B5B00BD5071 /* TwoAreasCell.swift in Sources */,
				954012742632B03F002FDD8A /* CodeController.swift in Sources */,
				95312C322631BB8C00B453F8 /* SceneDelegate.swift in Sources */,
				95A679FE26356B6D00BD5071 /* OneAreaCell.swift in Sources */,
			);
			runOnlyForDeploymentPostprocessing = 0;
		};
/* End PBXSourcesBuildPhase section */

/* Begin PBXVariantGroup section */
		95312C352631BB8C00B453F8 /* Main.storyboard */ = {
			isa = PBXVariantGroup;
			children = (
				95312C362631BB8C00B453F8 /* Base */,
			);
			name = Main.storyboard;
			sourceTree = "<group>";
		};
		95312C3A2631BB9000B453F8 /* LaunchScreen.storyboard */ = {
			isa = PBXVariantGroup;
			children = (
				95312C3B2631BB9000B453F8 /* Base */,
			);
			name = LaunchScreen.storyboard;
			sourceTree = "<group>";
		};
/* End PBXVariantGroup section */

/* Begin XCBuildConfiguration section */
		95312C3E2631BB9000B453F8 /* Debug */ = {
			isa = XCBuildConfiguration;
			buildSettings = {
				ALWAYS_SEARCH_USER_PATHS = NO;
				CLANG_ANALYZER_NONNULL = YES;
				CLANG_ANALYZER_NUMBER_OBJECT_CONVERSION = YES_AGGRESSIVE;
				CLANG_CXX_LANGUAGE_STANDARD = "gnu++14";
				CLANG_CXX_LIBRARY = "libc++";
				CLANG_ENABLE_MODULES = YES;
				CLANG_ENABLE_OBJC_ARC = YES;
				CLANG_ENABLE_OBJC_WEAK = YES;
				CLANG_WARN_BLOCK_CAPTURE_AUTORELEASING = YES;
				CLANG_WARN_BOOL_CONVERSION = YES;
				CLANG_WARN_COMMA = YES;
				CLANG_WARN_CONSTANT_CONVERSION = YES;
				CLANG_WARN_DEPRECATED_OBJC_IMPLEMENTATIONS = YES;
				CLANG_WARN_DIRECT_OBJC_ISA_USAGE = YES_ERROR;
				CLANG_WARN_DOCUMENTATION_COMMENTS = YES;
				CLANG_WARN_EMPTY_BODY = YES;
				CLANG_WARN_ENUM_CONVERSION = YES;
				CLANG_WARN_INFINITE_RECURSION = YES;
				CLANG_WARN_INT_CONVERSION = YES;
				CLANG_WARN_NON_LITERAL_NULL_CONVERSION = YES;
				CLANG_WARN_OBJC_IMPLICIT_RETAIN_SELF = YES;
				CLANG_WARN_OBJC_LITERAL_CONVERSION = YES;
				CLANG_WARN_OBJC_ROOT_CLASS = YES_ERROR;
				CLANG_WARN_QUOTED_INCLUDE_IN_FRAMEWORK_HEADER = YES;
				CLANG_WARN_RANGE_LOOP_ANALYSIS = YES;
				CLANG_WARN_STRICT_PROTOTYPES = YES;
				CLANG_WARN_SUSPICIOUS_MOVE = YES;
				CLANG_WARN_UNGUARDED_AVAILABILITY = YES_AGGRESSIVE;
				CLANG_WARN_UNREACHABLE_CODE = YES;
				CLANG_WARN__DUPLICATE_METHOD_MATCH = YES;
				COPY_PHASE_STRIP = NO;
				DEBUG_INFORMATION_FORMAT = dwarf;
				ENABLE_STRICT_OBJC_MSGSEND = YES;
				ENABLE_TESTABILITY = YES;
				GCC_C_LANGUAGE_STANDARD = gnu11;
				GCC_DYNAMIC_NO_PIC = NO;
				GCC_NO_COMMON_BLOCKS = YES;
				GCC_OPTIMIZATION_LEVEL = 0;
				GCC_PREPROCESSOR_DEFINITIONS = (
					"DEBUG=1",
					"$(inherited)",
				);
				GCC_WARN_64_TO_32_BIT_CONVERSION = YES;
				GCC_WARN_ABOUT_RETURN_TYPE = YES_ERROR;
				GCC_WARN_UNDECLARED_SELECTOR = YES;
				GCC_WARN_UNINITIALIZED_AUTOS = YES_AGGRESSIVE;
				GCC_WARN_UNUSED_FUNCTION = YES;
				GCC_WARN_UNUSED_VARIABLE = YES;
				IPHONEOS_DEPLOYMENT_TARGET = 14.4;
				MTL_ENABLE_DEBUG_INFO = INCLUDE_SOURCE;
				MTL_FAST_MATH = YES;
				ONLY_ACTIVE_ARCH = YES;
				SDKROOT = iphoneos;
				SWIFT_ACTIVE_COMPILATION_CONDITIONS = DEBUG;
				SWIFT_OPTIMIZATION_LEVEL = "-Onone";
			};
			name = Debug;
		};
		95312C3F2631BB9000B453F8 /* Release */ = {
			isa = XCBuildConfiguration;
			buildSettings = {
				ALWAYS_SEARCH_USER_PATHS = NO;
				CLANG_ANALYZER_NONNULL = YES;
				CLANG_ANALYZER_NUMBER_OBJECT_CONVERSION = YES_AGGRESSIVE;
				CLANG_CXX_LANGUAGE_STANDARD = "gnu++14";
				CLANG_CXX_LIBRARY = "libc++";
				CLANG_ENABLE_MODULES = YES;
				CLANG_ENABLE_OBJC_ARC = YES;
				CLANG_ENABLE_OBJC_WEAK = YES;
				CLANG_WARN_BLOCK_CAPTURE_AUTORELEASING = YES;
				CLANG_WARN_BOOL_CONVERSION = YES;
				CLANG_WARN_COMMA = YES;
				CLANG_WARN_CONSTANT_CONVERSION = YES;
				CLANG_WARN_DEPRECATED_OBJC_IMPLEMENTATIONS = YES;
				CLANG_WARN_DIRECT_OBJC_ISA_USAGE = YES_ERROR;
				CLANG_WARN_DOCUMENTATION_COMMENTS = YES;
				CLANG_WARN_EMPTY_BODY = YES;
				CLANG_WARN_ENUM_CONVERSION = YES;
				CLANG_WARN_INFINITE_RECURSION = YES;
				CLANG_WARN_INT_CONVERSION = YES;
				CLANG_WARN_NON_LITERAL_NULL_CONVERSION = YES;
				CLANG_WARN_OBJC_IMPLICIT_RETAIN_SELF = YES;
				CLANG_WARN_OBJC_LITERAL_CONVERSION = YES;
				CLANG_WARN_OBJC_ROOT_CLASS = YES_ERROR;
				CLANG_WARN_QUOTED_INCLUDE_IN_FRAMEWORK_HEADER = YES;
				CLANG_WARN_RANGE_LOOP_ANALYSIS = YES;
				CLANG_WARN_STRICT_PROTOTYPES = YES;
				CLANG_WARN_SUSPICIOUS_MOVE = YES;
				CLANG_WARN_UNGUARDED_AVAILABILITY = YES_AGGRESSIVE;
				CLANG_WARN_UNREACHABLE_CODE = YES;
				CLANG_WARN__DUPLICATE_METHOD_MATCH = YES;
				COPY_PHASE_STRIP = NO;
				DEBUG_INFORMATION_FORMAT = "dwarf-with-dsym";
				ENABLE_NS_ASSERTIONS = NO;
				ENABLE_STRICT_OBJC_MSGSEND = YES;
				GCC_C_LANGUAGE_STANDARD = gnu11;
				GCC_NO_COMMON_BLOCKS = YES;
				GCC_WARN_64_TO_32_BIT_CONVERSION = YES;
				GCC_WARN_ABOUT_RETURN_TYPE = YES_ERROR;
				GCC_WARN_UNDECLARED_SELECTOR = YES;
				GCC_WARN_UNINITIALIZED_AUTOS = YES_AGGRESSIVE;
				GCC_WARN_UNUSED_FUNCTION = YES;
				GCC_WARN_UNUSED_VARIABLE = YES;
				IPHONEOS_DEPLOYMENT_TARGET = 14.4;
				MTL_ENABLE_DEBUG_INFO = NO;
				MTL_FAST_MATH = YES;
				SDKROOT = iphoneos;
				SWIFT_COMPILATION_MODE = wholemodule;
				SWIFT_OPTIMIZATION_LEVEL = "-O";
				VALIDATE_PRODUCT = YES;
			};
			name = Release;
		};
		95312C412631BB9000B453F8 /* Debug */ = {
			isa = XCBuildConfiguration;
			baseConfigurationReference = A98A6BA61566D26C7ACB470F /* Pods-Pakunki.debug.xcconfig */;
			buildSettings = {
				ASSETCATALOG_COMPILER_APPICON_NAME = AppIcon;
				ASSETCATALOG_COMPILER_GLOBAL_ACCENT_COLOR_NAME = AccentColor;
				CODE_SIGN_STYLE = Automatic;
				DEVELOPMENT_TEAM = 744VW4YN96;
				INFOPLIST_FILE = Pakunki/Info.plist;
				LD_RUNPATH_SEARCH_PATHS = (
					"$(inherited)",
					"@executable_path/Frameworks",
				);
				PRODUCT_BUNDLE_IDENTIFIER = kk.Pakunki;
				PRODUCT_NAME = "$(TARGET_NAME)";
				SWIFT_VERSION = 5.0;
				TARGETED_DEVICE_FAMILY = "1,2";
			};
			name = Debug;
		};
		95312C422631BB9000B453F8 /* Release */ = {
			isa = XCBuildConfiguration;
			baseConfigurationReference = 63656BC89FF00294C2D05117 /* Pods-Pakunki.release.xcconfig */;
			buildSettings = {
				ASSETCATALOG_COMPILER_APPICON_NAME = AppIcon;
				ASSETCATALOG_COMPILER_GLOBAL_ACCENT_COLOR_NAME = AccentColor;
				CODE_SIGN_STYLE = Automatic;
				DEVELOPMENT_TEAM = 744VW4YN96;
				INFOPLIST_FILE = Pakunki/Info.plist;
				LD_RUNPATH_SEARCH_PATHS = (
					"$(inherited)",
					"@executable_path/Frameworks",
				);
				PRODUCT_BUNDLE_IDENTIFIER = kk.Pakunki;
				PRODUCT_NAME = "$(TARGET_NAME)";
				SWIFT_VERSION = 5.0;
				TARGETED_DEVICE_FAMILY = "1,2";
			};
			name = Release;
		};
/* End XCBuildConfiguration section */

/* Begin XCConfigurationList section */
		95312C272631BB8C00B453F8 /* Build configuration list for PBXProject "Pakunki" */ = {
			isa = XCConfigurationList;
			buildConfigurations = (
				95312C3E2631BB9000B453F8 /* Debug */,
				95312C3F2631BB9000B453F8 /* Release */,
			);
			defaultConfigurationIsVisible = 0;
			defaultConfigurationName = Release;
		};
		95312C402631BB9000B453F8 /* Build configuration list for PBXNativeTarget "Pakunki" */ = {
			isa = XCConfigurationList;
			buildConfigurations = (
				95312C412631BB9000B453F8 /* Debug */,
				95312C422631BB9000B453F8 /* Release */,
			);
			defaultConfigurationIsVisible = 0;
			defaultConfigurationName = Release;
		};
/* End XCConfigurationList section */
	};
	rootObject = 95312C242631BB8C00B453F8 /* Project object */;
}
